
Microsoft Visual Studio Solution File, Format Version 12.00
# Visual Studio 15
VisualStudioVersion = 15.0.27130.2010
MinimumVisualStudioVersion = 10.0.40219.1
Project("{9A19103F-16F7-4668-BE54-9A1E7A4F7556}") = "nPrimeApi", "nPrimeApi\nPrimeApi.csproj", "{8F02398E-1055-4D77-AB2F-76F70574CBC2}"
EndProject
Project("{E53339B2-1760-4266-BCC7-CA923CBCF16C}") = "docker-compose", "docker-compose.dcproj", "{45DC122D-02D3-443F-8032-4C1F2C62AA3E}"
EndProject
Global
	GlobalSection(SolutionConfigurationPlatforms) = preSolution
		Debug|Any CPU = Debug|Any CPU
		Release|Any CPU = Release|Any CPU
	EndGlobalSection
	GlobalSection(ProjectConfigurationPlatforms) = postSolution
		{8F02398E-1055-4D77-AB2F-76F70574CBC2}.Debug|Any CPU.ActiveCfg = Debug|Any CPU
		{8F02398E-1055-4D77-AB2F-76F70574CBC2}.Debug|Any CPU.Build.0 = Debug|Any CPU
		{8F02398E-1055-4D77-AB2F-76F70574CBC2}.Release|Any CPU.ActiveCfg = Release|Any CPU
		{8F02398E-1055-4D77-AB2F-76F70574CBC2}.Release|Any CPU.Build.0 = Release|Any CPU
		{45DC122D-02D3-443F-8032-4C1F2C62AA3E}.Debug|Any CPU.ActiveCfg = Debug|Any CPU
		{45DC122D-02D3-443F-8032-4C1F2C62AA3E}.Debug|Any CPU.Build.0 = Debug|Any CPU
		{45DC122D-02D3-443F-8032-4C1F2C62AA3E}.Release|Any CPU.ActiveCfg = Release|Any CPU
		{45DC122D-02D3-443F-8032-4C1F2C62AA3E}.Release|Any CPU.Build.0 = Release|Any CPU
	EndGlobalSection
	GlobalSection(SolutionProperties) = preSolution
		HideSolutionNode = FALSE
	EndGlobalSection
	GlobalSection(ExtensibilityGlobals) = postSolution
		SolutionGuid = {055FAAB6-D601-4815-9C77-E5C919F7F92D}
	EndGlobalSection
EndGlobal
